
Microsoft Visual Studio Solution File, Format Version 12.00
# Visual Studio 14
VisualStudioVersion = 14.0.25123.0
MinimumVisualStudioVersion = 10.0.40219.1
Project("{FAE04EC0-301F-11D3-BF4B-00C04F79EFBC}") = "Solution2Class", "Solution2Class\Solution2Class.csproj", "{D5FA80E3-FC9E-455C-8F9C-1DAF05106BB4}"
EndProject
Global
	GlobalSection(SolutionConfigurationPlatforms) = preSolution
		Debug|Any CPU = Debug|Any CPU
		Release|Any CPU = Release|Any CPU
	EndGlobalSection
	GlobalSection(ProjectConfigurationPlatforms) = postSolution
		{D5FA80E3-FC9E-455C-8F9C-1DAF05106BB4}.Debug|Any CPU.ActiveCfg = Debug|Any CPU
		{D5FA80E3-FC9E-455C-8F9C-1DAF05106BB4}.Debug|Any CPU.Build.0 = Debug|Any CPU
		{D5FA80E3-FC9E-455C-8F9C-1DAF05106BB4}.Release|Any CPU.ActiveCfg = Release|Any CPU
		{D5FA80E3-FC9E-455C-8F9C-1DAF05106BB4}.Release|Any CPU.Build.0 = Release|Any CPU
	EndGlobalSection
	GlobalSection(SolutionProperties) = preSolution
		HideSolutionNode = FALSE
	EndGlobalSection
EndGlobal
